
Microsoft Visual Studio Solution File, Format Version 12.00
# Visual Studio 15
VisualStudioVersion = 15.0.27703.2042
MinimumVisualStudioVersion = 10.0.40219.1
Project("{FAE04EC0-301F-11D3-BF4B-00C04F79EFBC}") = "hello-vs.client", "hello-vs.client\hello-vs.client.csproj", "{EA2D6643-42D4-4C31-BAC4-661B65212806}"
EndProject
Global
	GlobalSection(SolutionConfigurationPlatforms) = preSolution
		Debug|Any CPU = Debug|Any CPU
		Release|Any CPU = Release|Any CPU
	EndGlobalSection
	GlobalSection(ProjectConfigurationPlatforms) = postSolution
		{EA2D6643-42D4-4C31-BAC4-661B65212806}.Debug|Any CPU.ActiveCfg = Debug|Any CPU
		{EA2D6643-42D4-4C31-BAC4-661B65212806}.Debug|Any CPU.Build.0 = Debug|Any CPU
		{EA2D6643-42D4-4C31-BAC4-661B65212806}.Release|Any CPU.ActiveCfg = Release|Any CPU
		{EA2D6643-42D4-4C31-BAC4-661B65212806}.Release|Any CPU.Build.0 = Release|Any CPU
	EndGlobalSection
	GlobalSection(SolutionProperties) = preSolution
		HideSolutionNode = FALSE
	EndGlobalSection
	GlobalSection(ExtensibilityGlobals) = postSolution
		SolutionGuid = {91EA350E-8C73-495E-ADE4-A04392E517B1}
	EndGlobalSection
EndGlobal
